hash: 19953880e74ba528b42e02bed9a867643a20f27746927628b221fd53cd523cbe
updated: 2016-07-01T16:10:51.0354093+03:00
imports:
- name: github.com/fatih/color
  version: 87d4004f2ab62d0d255e0a38f1680aa534549fe3
- name: github.com/mattn/go-colorable
  version: 9056b7a9f2d1f2d96498d6d146acd1f9d5ed3d59
- name: github.com/mattn/go-isatty
  version: 56b76bdf51f7708750eac80fa38b952bb9f32639
- name: github.com/xeipuuv/gojsonpointer
  version: e0fe6f68307607d540ed8eac07a342c33fa1b54a
  subpackages:
  - github.com\xeipuuv\gojsonpointer
- name: github.com/xeipuuv/gojsonreference
  version: e02fc20de94c78484cd5ffb007f8af96be030a45
  subpackages:
  - github.com\xeipuuv\gojsonreference
- name: github.com/xeipuuv/gojsonschema
  version: c539bca196be50ccdd1f0bcd9076de95f9081831
  subpackages:
  - github.com\xeipuuv\gojsonschema
devImports: []
