hash: 2267ee01f182990b93f4225531cdd8909b9891541739f92df1d1576493b9bde5
updated: 2016-08-30T21:49:52.623034926+03:00
imports:
- name: github.com/clbanning/mxj
  version: bdbb707fca2decb4efd865b0656df7e74dcbbbdb
- name: github.com/fatih/color
  version: 87d4004f2ab62d0d255e0a38f1680aa534549fe3
- name: github.com/fatih/structs
  version: 14f46232cd7bc732dc67313a9e4d3d210e082587
- name: github.com/mattn/go-colorable
  version: 9056b7a9f2d1f2d96498d6d146acd1f9d5ed3d59
- name: github.com/mattn/go-isatty
  version: 56b76bdf51f7708750eac80fa38b952bb9f32639
- name: github.com/pkg/errors
  version: 2a9be18ecd8c148be18be08a811e33809206da19
- name: github.com/xeipuuv/gojsonpointer
  version: e0fe6f68307607d540ed8eac07a342c33fa1b54a
- name: github.com/xeipuuv/gojsonreference
  version: e02fc20de94c78484cd5ffb007f8af96be030a45
- name: github.com/xeipuuv/gojsonschema
  version: e4f482d0deea5bfc0522ab4582c5fdbd2edc98ad
- name: golang.org/x/sys
  version: 62bee037599929a6e9146f29d10dd5208c43507d
  subpackages:
  - unix
devImports: []
